
Microsoft Visual Studio Solution File, Format Version 12.00
# Visual Studio Version 17
VisualStudioVersion = 17.7.34024.191
MinimumVisualStudioVersion = 10.0.40219.1
Project("{FAE04EC0-301F-11D3-BF4B-00C04F79EFBC}") = "Customer_User_Manual", "User_Manual_Speedo_Models\Customer_User_Manual.csproj", "{F62C0001-F63A-423E-96CE-3480D764E183}"
EndProject
Project("{FAE04EC0-301F-11D3-BF4B-00C04F79EFBC}") = "Employee_User_Manual", "Employee_User_Manual\Employee_User_Manual.csproj", "{0D1892EC-ACBD-4E18-83DD-A765F7833B09}"
EndProject
Global
	GlobalSection(SolutionConfigurationPlatforms) = preSolution
		Debug|Any CPU = Debug|Any CPU
		Release|Any CPU = Release|Any CPU
	EndGlobalSection
	GlobalSection(ProjectConfigurationPlatforms) = postSolution
		{F62C0001-F63A-423E-96CE-3480D764E183}.Debug|Any CPU.ActiveCfg = Debug|Any CPU
		{F62C0001-F63A-423E-96CE-3480D764E183}.Debug|Any CPU.Build.0 = Debug|Any CPU
		{F62C0001-F63A-423E-96CE-3480D764E183}.Release|Any CPU.ActiveCfg = Release|Any CPU
		{F62C0001-F63A-423E-96CE-3480D764E183}.Release|Any CPU.Build.0 = Release|Any CPU
		{0D1892EC-ACBD-4E18-83DD-A765F7833B09}.Debug|Any CPU.ActiveCfg = Debug|Any CPU
		{0D1892EC-ACBD-4E18-83DD-A765F7833B09}.Debug|Any CPU.Build.0 = Debug|Any CPU
		{0D1892EC-ACBD-4E18-83DD-A765F7833B09}.Release|Any CPU.ActiveCfg = Release|Any CPU
		{0D1892EC-ACBD-4E18-83DD-A765F7833B09}.Release|Any CPU.Build.0 = Release|Any CPU
	EndGlobalSection
	GlobalSection(SolutionProperties) = preSolution
		HideSolutionNode = FALSE
	EndGlobalSection
	GlobalSection(ExtensibilityGlobals) = postSolution
		SolutionGuid = {6843D884-3789-428C-A320-37694CFF0C2A}
	EndGlobalSection
EndGlobal
